
Microsoft Visual Studio Solution File, Format Version 12.00
# Visual Studio Version 16
VisualStudioVersion = 16.0.31025.194
MinimumVisualStudioVersion = 10.0.40219.1
Project("{FAE04EC0-301F-11D3-BF4B-00C04F79EFBC}") = "CustomShell", "CustomShell\CustomShell.csproj", "{4CFEF992-2F54-4DED-BCE3-6C1174052DD8}"
EndProject
Global
	GlobalSection(SolutionConfigurationPlatforms) = preSolution
		Debug|Any CPU = Debug|Any CPU
		Release|Any CPU = Release|Any CPU
	EndGlobalSection
	GlobalSection(ProjectConfigurationPlatforms) = postSolution
		{4CFEF992-2F54-4DED-BCE3-6C1174052DD8}.Debug|Any CPU.ActiveCfg = Debug|Any CPU
		{4CFEF992-2F54-4DED-BCE3-6C1174052DD8}.Debug|Any CPU.Build.0 = Debug|Any CPU
		{4CFEF992-2F54-4DED-BCE3-6C1174052DD8}.Release|Any CPU.ActiveCfg = Release|Any CPU
		{4CFEF992-2F54-4DED-BCE3-6C1174052DD8}.Release|Any CPU.Build.0 = Release|Any CPU
	EndGlobalSection
	GlobalSection(SolutionProperties) = preSolution
		HideSolutionNode = FALSE
	EndGlobalSection
	GlobalSection(ExtensibilityGlobals) = postSolution
		SolutionGuid = {E448D77F-7C80-428D-94E1-57F103200769}
	EndGlobalSection
EndGlobal
